
Microsoft Visual Studio Solution File, Format Version 12.00
# Visual Studio 14
VisualStudioVersion = 14.0.25420.1
MinimumVisualStudioVersion = 10.0.40219.1
Project("{FAE04EC0-301F-11D3-BF4B-00C04F79EFBC}") = "c-3po", "c-3po\c-3po.csproj", "{68012EE8-8DA8-4A1C-A388-0A05ED1ADC51}"
EndProject
Project("{FAE04EC0-301F-11D3-BF4B-00C04F79EFBC}") = "c-3po.cli", "c-3po.cli\c-3po.cli.csproj", "{88DEF507-921D-4F4D-9820-71C40D042EE4}"
EndProject
Global
	GlobalSection(SolutionConfigurationPlatforms) = preSolution
		Debug|Any CPU = Debug|Any CPU
		Release|Any CPU = Release|Any CPU
	EndGlobalSection
	GlobalSection(ProjectConfigurationPlatforms) = postSolution
		{68012EE8-8DA8-4A1C-A388-0A05ED1ADC51}.Debug|Any CPU.ActiveCfg = Debug|Any CPU
		{68012EE8-8DA8-4A1C-A388-0A05ED1ADC51}.Debug|Any CPU.Build.0 = Debug|Any CPU
		{68012EE8-8DA8-4A1C-A388-0A05ED1ADC51}.Release|Any CPU.ActiveCfg = Release|Any CPU
		{68012EE8-8DA8-4A1C-A388-0A05ED1ADC51}.Release|Any CPU.Build.0 = Release|Any CPU
		{88DEF507-921D-4F4D-9820-71C40D042EE4}.Debug|Any CPU.ActiveCfg = Debug|Any CPU
		{88DEF507-921D-4F4D-9820-71C40D042EE4}.Debug|Any CPU.Build.0 = Debug|Any CPU
		{88DEF507-921D-4F4D-9820-71C40D042EE4}.Release|Any CPU.ActiveCfg = Release|Any CPU
		{88DEF507-921D-4F4D-9820-71C40D042EE4}.Release|Any CPU.Build.0 = Release|Any CPU
	EndGlobalSection
	GlobalSection(SolutionProperties) = preSolution
		HideSolutionNode = FALSE
	EndGlobalSection
EndGlobal
